
Microsoft Visual Studio Solution File, Format Version 12.00
# Visual Studio 15
VisualStudioVersion = 15.0.26124.0
MinimumVisualStudioVersion = 15.0.26124.0
Project("{FAE04EC0-301F-11D3-BF4B-00C04F79EFBC}") = "Domain", "Domain\Domain.csproj", "{3C5C6741-AAC3-4B5F-9EE8-28AE25D7DEDA}"
EndProject
Project("{FAE04EC0-301F-11D3-BF4B-00C04F79EFBC}") = "Application", "Application\Application.csproj", "{0B09A6E8-9CA7-48DE-85B6-8F54BBD1CB13}"
EndProject
Project("{FAE04EC0-301F-11D3-BF4B-00C04F79EFBC}") = "Persistence", "Persistence\Persistence.csproj", "{08A01117-690C-441A-A143-A453A099B1FE}"
EndProject
Project("{FAE04EC0-301F-11D3-BF4B-00C04F79EFBC}") = "API", "API\API.csproj", "{F17C92D8-EB9D-4588-992B-58545483DF64}"
EndProject
Project("{FAE04EC0-301F-11D3-BF4B-00C04F79EFBC}") = "Infrastructure", "Infrastructure\Infrastructure.csproj", "{2097FA8C-5624-4969-8735-0B62A398CD09}"
EndProject
Global
	GlobalSection(SolutionConfigurationPlatforms) = preSolution
		Debug|Any CPU = Debug|Any CPU
		Debug|x64 = Debug|x64
		Debug|x86 = Debug|x86
		Release|Any CPU = Release|Any CPU
		Release|x64 = Release|x64
		Release|x86 = Release|x86
	EndGlobalSection
	GlobalSection(SolutionProperties) = preSolution
		HideSolutionNode = FALSE
	EndGlobalSection
	GlobalSection(ProjectConfigurationPlatforms) = postSolution
		{3C5C6741-AAC3-4B5F-9EE8-28AE25D7DEDA}.Debug|Any CPU.ActiveCfg = Debug|Any CPU
		{3C5C6741-AAC3-4B5F-9EE8-28AE25D7DEDA}.Debug|Any CPU.Build.0 = Debug|Any CPU
		{3C5C6741-AAC3-4B5F-9EE8-28AE25D7DEDA}.Debug|x64.ActiveCfg = Debug|Any CPU
		{3C5C6741-AAC3-4B5F-9EE8-28AE25D7DEDA}.Debug|x64.Build.0 = Debug|Any CPU
		{3C5C6741-AAC3-4B5F-9EE8-28AE25D7DEDA}.Debug|x86.ActiveCfg = Debug|Any CPU
		{3C5C6741-AAC3-4B5F-9EE8-28AE25D7DEDA}.Debug|x86.Build.0 = Debug|Any CPU
		{3C5C6741-AAC3-4B5F-9EE8-28AE25D7DEDA}.Release|Any CPU.ActiveCfg = Release|Any CPU
		{3C5C6741-AAC3-4B5F-9EE8-28AE25D7DEDA}.Release|Any CPU.Build.0 = Release|Any CPU
		{3C5C6741-AAC3-4B5F-9EE8-28AE25D7DEDA}.Release|x64.ActiveCfg = Release|Any CPU
		{3C5C6741-AAC3-4B5F-9EE8-28AE25D7DEDA}.Release|x64.Build.0 = Release|Any CPU
		{3C5C6741-AAC3-4B5F-9EE8-28AE25D7DEDA}.Release|x86.ActiveCfg = Release|Any CPU
		{3C5C6741-AAC3-4B5F-9EE8-28AE25D7DEDA}.Release|x86.Build.0 = Release|Any CPU
		{0B09A6E8-9CA7-48DE-85B6-8F54BBD1CB13}.Debug|Any CPU.ActiveCfg = Debug|Any CPU
		{0B09A6E8-9CA7-48DE-85B6-8F54BBD1CB13}.Debug|Any CPU.Build.0 = Debug|Any CPU
		{0B09A6E8-9CA7-48DE-85B6-8F54BBD1CB13}.Debug|x64.ActiveCfg = Debug|Any CPU
		{0B09A6E8-9CA7-48DE-85B6-8F54BBD1CB13}.Debug|x64.Build.0 = Debug|Any CPU
		{0B09A6E8-9CA7-48DE-85B6-8F54BBD1CB13}.Debug|x86.ActiveCfg = Debug|Any CPU
		{0B09A6E8-9CA7-48DE-85B6-8F54BBD1CB13}.Debug|x86.Build.0 = Debug|Any CPU
		{0B09A6E8-9CA7-48DE-85B6-8F54BBD1CB13}.Release|Any CPU.ActiveCfg = Release|Any CPU
		{0B09A6E8-9CA7-48DE-85B6-8F54BBD1CB13}.Release|Any CPU.Build.0 = Release|Any CPU
		{0B09A6E8-9CA7-48DE-85B6-8F54BBD1CB13}.Release|x64.ActiveCfg = Release|Any CPU
		{0B09A6E8-9CA7-48DE-85B6-8F54BBD1CB13}.Release|x64.Build.0 = Release|Any CPU
		{0B09A6E8-9CA7-48DE-85B6-8F54BBD1CB13}.Release|x86.ActiveCfg = Release|Any CPU
		{0B09A6E8-9CA7-48DE-85B6-8F54BBD1CB13}.Release|x86.Build.0 = Release|Any CPU
		{08A01117-690C-441A-A143-A453A099B1FE}.Debug|Any CPU.ActiveCfg = Debug|Any CPU
		{08A01117-690C-441A-A143-A453A099B1FE}.Debug|Any CPU.Build.0 = Debug|Any CPU
		{08A01117-690C-441A-A143-A453A099B1FE}.Debug|x64.ActiveCfg = Debug|Any CPU
		{08A01117-690C-441A-A143-A453A099B1FE}.Debug|x64.Build.0 = Debug|Any CPU
		{08A01117-690C-441A-A143-A453A099B1FE}.Debug|x86.ActiveCfg = Debug|Any CPU
		{08A01117-690C-441A-A143-A453A099B1FE}.Debug|x86.Build.0 = Debug|Any CPU
		{08A01117-690C-441A-A143-A453A099B1FE}.Release|Any CPU.ActiveCfg = Release|Any CPU
		{08A01117-690C-441A-A143-A453A099B1FE}.Release|Any CPU.Build.0 = Release|Any CPU
		{08A01117-690C-441A-A143-A453A099B1FE}.Release|x64.ActiveCfg = Release|Any CPU
		{08A01117-690C-441A-A143-A453A099B1FE}.Release|x64.Build.0 = Release|Any CPU
		{08A01117-690C-441A-A143-A453A099B1FE}.Release|x86.ActiveCfg = Release|Any CPU
		{08A01117-690C-441A-A143-A453A099B1FE}.Release|x86.Build.0 = Release|Any CPU
		{F17C92D8-EB9D-4588-992B-58545483DF64}.Debug|Any CPU.ActiveCfg = Debug|Any CPU
		{F17C92D8-EB9D-4588-992B-58545483DF64}.Debug|Any CPU.Build.0 = Debug|Any CPU
		{F17C92D8-EB9D-4588-992B-58545483DF64}.Debug|x64.ActiveCfg = Debug|Any CPU
		{F17C92D8-EB9D-4588-992B-58545483DF64}.Debug|x64.Build.0 = Debug|Any CPU
		{F17C92D8-EB9D-4588-992B-58545483DF64}.Debug|x86.ActiveCfg = Debug|Any CPU
		{F17C92D8-EB9D-4588-992B-58545483DF64}.Debug|x86.Build.0 = Debug|Any CPU
		{F17C92D8-EB9D-4588-992B-58545483DF64}.Release|Any CPU.ActiveCfg = Release|Any CPU
		{F17C92D8-EB9D-4588-992B-58545483DF64}.Release|Any CPU.Build.0 = Release|Any CPU
		{F17C92D8-EB9D-4588-992B-58545483DF64}.Release|x64.ActiveCfg = Release|Any CPU
		{F17C92D8-EB9D-4588-992B-58545483DF64}.Release|x64.Build.0 = Release|Any CPU
		{F17C92D8-EB9D-4588-992B-58545483DF64}.Release|x86.ActiveCfg = Release|Any CPU
		{F17C92D8-EB9D-4588-992B-58545483DF64}.Release|x86.Build.0 = Release|Any CPU
		{2097FA8C-5624-4969-8735-0B62A398CD09}.Debug|Any CPU.ActiveCfg = Debug|Any CPU
		{2097FA8C-5624-4969-8735-0B62A398CD09}.Debug|Any CPU.Build.0 = Debug|Any CPU
		{2097FA8C-5624-4969-8735-0B62A398CD09}.Debug|x64.ActiveCfg = Debug|Any CPU
		{2097FA8C-5624-4969-8735-0B62A398CD09}.Debug|x64.Build.0 = Debug|Any CPU
		{2097FA8C-5624-4969-8735-0B62A398CD09}.Debug|x86.ActiveCfg = Debug|Any CPU
		{2097FA8C-5624-4969-8735-0B62A398CD09}.Debug|x86.Build.0 = Debug|Any CPU
		{2097FA8C-5624-4969-8735-0B62A398CD09}.Release|Any CPU.ActiveCfg = Release|Any CPU
		{2097FA8C-5624-4969-8735-0B62A398CD09}.Release|Any CPU.Build.0 = Release|Any CPU
		{2097FA8C-5624-4969-8735-0B62A398CD09}.Release|x64.ActiveCfg = Release|Any CPU
		{2097FA8C-5624-4969-8735-0B62A398CD09}.Release|x64.Build.0 = Release|Any CPU
		{2097FA8C-5624-4969-8735-0B62A398CD09}.Release|x86.ActiveCfg = Release|Any CPU
		{2097FA8C-5624-4969-8735-0B62A398CD09}.Release|x86.Build.0 = Release|Any CPU
	EndGlobalSection
EndGlobal
